
Microsoft Visual Studio Solution File, Format Version 12.00
# Visual Studio Version 17
VisualStudioVersion = 17.3.32901.215
MinimumVisualStudioVersion = 10.0.40219.1
Project("{FAE04EC0-301F-11D3-BF4B-00C04F79EFBC}") = "MyProject9", "MyProject9\MyProject9.csproj", "{FF220896-8474-481D-AFBB-E0127960BBAC}"
EndProject
Global
	GlobalSection(SolutionConfigurationPlatforms) = preSolution
		Debug|Any CPU = Debug|Any CPU
		Release|Any CPU = Release|Any CPU
	EndGlobalSection
	GlobalSection(ProjectConfigurationPlatforms) = postSolution
		{FF220896-8474-481D-AFBB-E0127960BBAC}.Debug|Any CPU.ActiveCfg = Debug|Any CPU
		{FF220896-8474-481D-AFBB-E0127960BBAC}.Debug|Any CPU.Build.0 = Debug|Any CPU
		{FF220896-8474-481D-AFBB-E0127960BBAC}.Release|Any CPU.ActiveCfg = Release|Any CPU
		{FF220896-8474-481D-AFBB-E0127960BBAC}.Release|Any CPU.Build.0 = Release|Any CPU
	EndGlobalSection
	GlobalSection(SolutionProperties) = preSolution
		HideSolutionNode = FALSE
	EndGlobalSection
	GlobalSection(ExtensibilityGlobals) = postSolution
		SolutionGuid = {3ED11D29-391E-4FD8-8CFD-5CD14FFF761C}
	EndGlobalSection
EndGlobal
